version = 1
revision = 3
requires-python = ">=3.10, <3.13"

[[package]]
name = "arrow"
version = "1.2.3"
source = { registry = "https://pypi.org/simple" }
dependencies = [
    { name = "python-dateutil" },
]
sdist = { url = "https://files.pythonhosted.org/packages/7f/c0/c601ea7811f422700ef809f167683899cdfddec5aa3f83597edf97349962/arrow-1.2.3.tar.gz", hash = "sha256:3934b30ca1b9f292376d9db15b19446088d12ec58629bc3f0da28fd55fb633a1", size = 127552, upload-time = "2022-09-03T19:35:32.65Z" }
wheels = [
    { url = "https://files.pythonhosted.org/packages/67/67/4bca5a595e2f89bff271724ddb1098e6c9e16f7f3d018d120255e3c30313/arrow-1.2.3-py3-none-any.whl", hash = "sha256:5a49ab92e3b7b71d96cd6bfcc4df14efefc9dfa96ea19045815914a6ab6b1fe2", size = 66391, upload-time = "2022-09-03T19:35:29.66Z" },
]

[[package]]
name = "black"
version = "25.9.0"
source = { registry = "https://pypi.org/simple" }
dependencies = [
    { name = "click" },
    { name = "mypy-extensions" },
    { name = "packaging" },
    { name = "pathspec" },
    { name = "platformdirs" },
    { name = "pytokens" },
    { name = "tomli", marker = "python_full_version < '3.11'" },
    { name = "typing-extensions", marker = "python_full_version < '3.11'" },
]
sdist = { url = "https://files.pythonhosted.org/packages/4b/43/20b5c90612d7bdb2bdbcceeb53d588acca3bb8f0e4c5d5c751a2c8fdd55a/black-25.9.0.tar.gz", hash = "sha256:0474bca9a0dd1b51791fcc507a4e02078a1c63f6d4e4ae5544b9848c7adfb619", size = 648393, upload-time = "2025-09-19T00:27:37.758Z" }
wheels = [
    { url = "https://files.pythonhosted.org/packages/25/40/dbe31fc56b218a858c8fc6f5d8d3ba61c1fa7e989d43d4a4574b8b992840/black-25.9.0-cp310-cp310-macosx_10_9_x86_64.whl", hash = "sha256:ce41ed2614b706fd55fd0b4a6909d06b5bab344ffbfadc6ef34ae50adba3d4f7", size = 1715605, upload-time = "2025-09-19T00:36:13.483Z" },
    { url = "https://files.pythonhosted.org/packages/92/b2/f46800621200eab6479b1f4c0e3ede5b4c06b768e79ee228bc80270bcc74/black-25.9.0-cp310-cp310-macosx_11_0_arm64.whl", hash = "sha256:2ab0ce111ef026790e9b13bd216fa7bc48edd934ffc4cbf78808b235793cbc92", size = 1571829, upload-time = "2025-09-19T00:32:42.13Z" },
    { url = "https://files.pythonhosted.org/packages/4e/64/5c7f66bd65af5c19b4ea86062bb585adc28d51d37babf70969e804dbd5c2/black-25.9.0-cp310-cp310-manylinux_2_17_x86_64.manylinux2014_x86_64.manylinux_2_28_x86_64.whl", hash = "sha256:f96b6726d690c96c60ba682955199f8c39abc1ae0c3a494a9c62c0184049a713", size = 1631888, upload-time = "2025-09-19T00:30:54.212Z" },
    { url = "https://files.pythonhosted.org/packages/3b/64/0b9e5bfcf67db25a6eef6d9be6726499a8a72ebab3888c2de135190853d3/black-25.9.0-cp310-cp310-win_amd64.whl", hash = "sha256:d119957b37cc641596063cd7db2656c5be3752ac17877017b2ffcdb9dfc4d2b1", size = 1327056, upload-time = "2025-09-19T00:31:08.877Z" },
    { url = "https://files.pythonhosted.org/packages/b7/f4/7531d4a336d2d4ac6cc101662184c8e7d068b548d35d874415ed9f4116ef/black-25.9.0-cp311-cp311-macosx_10_9_x86_64.whl", hash = "sha256:456386fe87bad41b806d53c062e2974615825c7a52159cde7ccaeb0695fa28fa", size = 1698727, upload-time = "2025-09-19T00:31:14.264Z" },
    { url = "https://files.pythonhosted.org/packages/28/f9/66f26bfbbf84b949cc77a41a43e138d83b109502cd9c52dfc94070ca51f2/black-25.9.0-cp311-cp311-macosx_11_0_arm64.whl", hash = "sha256:a16b14a44c1af60a210d8da28e108e13e75a284bf21a9afa6b4571f96ab8bb9d", size = 1555679, upload-time = "2025-09-19T00:31:29.265Z" },
    { url = "https://files.pythonhosted.org/packages/bf/59/61475115906052f415f518a648a9ac679d7afbc8da1c16f8fdf68a8cebed/black-25.9.0-cp311-cp311-manylinux_2_17_x86_64.manylinux2014_x86_64.manylinux_2_28_x86_64.whl", hash = "sha256:aaf319612536d502fdd0e88ce52d8f1352b2c0a955cc2798f79eeca9d3af0608", size = 1617453, upload-time = "2025-09-19T00:30:42.24Z" },
    { url = "https://files.pythonhosted.org/packages/7f/5b/20fd5c884d14550c911e4fb1b0dae00d4abb60a4f3876b449c4d3a9141d5/black-25.9.0-cp311-cp311-win_amd64.whl", hash = "sha256:c0372a93e16b3954208417bfe448e09b0de5cc721d521866cd9e0acac3c04a1f", size = 1333655, upload-time = "2025-09-19T00:30:56.715Z" },
    { url = "https://files.pythonhosted.org/packages/fb/8e/319cfe6c82f7e2d5bfb4d3353c6cc85b523d677ff59edc61fdb9ee275234/black-25.9.0-cp312-cp312-macosx_10_13_x86_64.whl", hash = "sha256:1b9dc70c21ef8b43248f1d86aedd2aaf75ae110b958a7909ad8463c4aa0880b0", size = 1742012, upload-time = "2025-09-19T00:33:08.678Z" },
    { url = "https://files.pythonhosted.org/packages/94/cc/f562fe5d0a40cd2a4e6ae3f685e4c36e365b1f7e494af99c26ff7f28117f/black-25.9.0-cp312-cp312-macosx_11_0_arm64.whl", hash = "sha256:8e46eecf65a095fa62e53245ae2795c90bdecabd53b50c448d0a8bcd0d2e74c4", size = 1581421, upload-time = "2025-09-19T00:35:25.937Z" },
    { url = "https://files.pythonhosted.org/packages/84/67/6db6dff1ebc8965fd7661498aea0da5d7301074b85bba8606a28f47ede4d/black-25.9.0-cp312-cp312-manylinux_2_17_x86_64.manylinux2014_x86_64.manylinux_2_28_x86_64.whl", hash = "sha256:9101ee58ddc2442199a25cb648d46ba22cd580b00ca4b44234a324e3ec7a0f7e", size = 1655619, upload-time = "2025-09-19T00:30:49.241Z" },
    { url = "https://files.pythonhosted.org/packages/10/10/3faef9aa2a730306cf469d76f7f155a8cc1f66e74781298df0ba31f8b4c8/black-25.9.0-cp312-cp312-win_amd64.whl", hash = "sha256:77e7060a00c5ec4b3367c55f39cf9b06e68965a4f2e61cecacd6d0d9b7ec945a", size = 1342481, upload-time = "2025-09-19T00:31:29.625Z" },
    { url = "https://files.pythonhosted.org/packages/1b/46/863c90dcd3f9d41b109b7f19032ae0db021f0b2a81482ba0a1e28c84de86/black-25.9.0-py3-none-any.whl", hash = "sha256:474b34c1342cdc157d307b56c4c65bce916480c4a8f6551fdc6bf9b486a7c4ae", size = 203363, upload-time = "2025-09-19T00:27:35.724Z" },
]

[[package]]
name = "build"
version = "1.3.0"
source = { registry = "https://pypi.org/simple" }
dependencies = [
    { name = "colorama", marker = "os_name == 'nt'" },
    { name = "importlib-metadata", marker = "python_full_version < '3.10.2'" },
    { name = "packaging" },
    { name = "pyproject-hooks" },
    { name = "tomli", marker = "python_full_version < '3.11'" },
]
sdist = { url = "https://files.pythonhosted.org/packages/25/1c/23e33405a7c9eac261dff640926b8b5adaed6a6eb3e1767d441ed611d0c0/build-1.3.0.tar.gz", hash = "sha256:698edd0ea270bde950f53aed21f3a0135672206f3911e0176261a31e0e07b397", size = 48544, upload-time = "2025-08-01T21:27:09.268Z" }
wheels = [
    { url = "https://files.pythonhosted.org/packages/cb/8c/2b30c12155ad8de0cf641d76a8b396a16d2c36bc6d50b621a62b7c4567c1/build-1.3.0-py3-none-any.whl", hash = "sha256:7145f0b5061ba90a1500d60bd1b13ca0a8a4cebdd0cc16ed8adf1c0e739f43b4", size = 23382, upload-time = "2025-08-01T21:27:07.844Z" },
]

[[package]]
name = "checkmark-rai-lint"
version = "0.0.0"
source = { editable = "." }
dependencies = [
    { name = "gitlint" },
]

[package.dev-dependencies]
dev = [
    { name = "black" },
    { name = "build" },
    { name = "coverage" },
    { name = "isort" },
    { name = "pytest" },
    { name = "pytest-cov" },
]

[package.metadata]
requires-dist = [{ name = "gitlint", specifier = ">=0.19.1" }]

[package.metadata.requires-dev]
dev = [
    { name = "black", specifier = ">=25.9.0" },
    { name = "build", specifier = ">=0.10.0" },
    { name = "coverage", specifier = ">=7.0.0" },
    { name = "isort", specifier = ">=7.0.0" },
    { name = "pytest", specifier = ">=8.4.0" },
    { name = "pytest-cov", specifier = ">=4.0.0" },
]

[[package]]
name = "click"
version = "8.1.3"
source = { registry = "https://pypi.org/simple" }
dependencies = [
    { name = "colorama", marker = "sys_platform == 'win32'" },
]
sdist = { url = "https://files.pythonhosted.org/packages/59/87/84326af34517fca8c58418d148f2403df25303e02736832403587318e9e8/click-8.1.3.tar.gz", hash = "sha256:7682dc8afb30297001674575ea00d1814d808d6a36af415a82bd481d37ba7b8e", size = 331147, upload-time = "2022-04-28T17:36:09.097Z" }
wheels = [
    { url = "https://files.pythonhosted.org/packages/c2/f1/df59e28c642d583f7dacffb1e0965d0e00b218e0186d7858ac5233dce840/click-8.1.3-py3-none-any.whl", hash = "sha256:bb4d8133cb15a609f44e8213d9b391b0809795062913b383c62be0ee95b1db48", size = 96588, upload-time = "2022-04-28T17:36:06.952Z" },
]

[[package]]
name = "colorama"
version = "0.4.6"
source = { registry = "https://pypi.org/simple" }
sdist = { url = "https://files.pythonhosted.org/packages/d8/53/6f443c9a4a8358a93a6792e2acffb9d9d5cb0a5cfd8802644b7b1c9a02e4/colorama-0.4.6.tar.gz", hash = "sha256:08695f5cb7ed6e0531a20572697297273c47b8cae5a63ffc6d6ed5c201be6e44", size = 27697, upload-time = "2022-10-25T02:36:22.414Z" }
wheels = [
    { url = "https://files.pythonhosted.org/packages/d1/d6/3965ed04c63042e047cb6a3e6ed1a63a35087b6a609aa3a15ed8ac56c221/colorama-0.4.6-py2.py3-none-any.whl", hash = "sha256:4f1d9991f5acc0ca119f9d443620b77f9d6b33703e51011c16baf57afb285fc6", size = 25335, upload-time = "2022-10-25T02:36:20.889Z" },
]

[[package]]
name = "coverage"
version = "7.11.2"
source = { registry = "https://pypi.org/simple" }
sdist = { url = "https://files.pythonhosted.org/packages/32/e6/7c4006cf689ed7a4aa75dcf1f14acbc04e585714c220b5cc6d231096685a/coverage-7.11.2.tar.gz", hash = "sha256:ae43149b7732df15c3ca9879b310c48b71d08cd8a7ba77fda7f9108f78499e93", size = 814849, upload-time = "2025-11-08T20:26:33.011Z" }
wheels = [
    { url = "https://files.pythonhosted.org/packages/83/5b/d943b719938467d313973fd83af9c810e248fcec33165d5ab0148ab1c602/coverage-7.11.2-cp310-cp310-macosx_10_9_x86_64.whl", hash = "sha256:004bdc5985b86f565772af627925e368256ee2172623db10a0d78a3b53f20ef1", size = 216802, upload-time = "2025-11-08T20:23:47.186Z" },
    { url = "https://files.pythonhosted.org/packages/8b/f7/d3c096ca6a6212e8a536ae2144406d28b43e7528ff05a0bf6a5336319d0d/coverage-7.11.2-cp310-cp310-macosx_11_0_arm64.whl", hash = "sha256:3aa8c62460499e10ceac5ea61cc09c4f7ddcd8a68c6313cf08785ad353dfd311", size = 217317, upload-time = "2025-11-08T20:23:50.255Z" },
    { url = "https://files.pythonhosted.org/packages/10/46/d0dbafbd3604293b73a44ae9c88e339921c13f309138b31ec60b451895b9/coverage-7.11.2-cp310-cp310-manylinux1_i686.manylinux_2_28_i686.manylinux_2_5_i686.whl", hash = "sha256:d73da4893125e0671f762e408dea9957b2bda0036c9589c2fd258a6b870acbdb", size = 244068, upload-time = "2025-11-08T20:23:51.63Z" },
    { url = "https://files.pythonhosted.org/packages/3d/16/ef8aba300f7224167c556d15852bf35d42c7af93b68f3ef82323737515e8/coverage-7.11.2-cp310-cp310-manylinux1_x86_64.manylinux_2_28_x86_64.manylinux_2_5_x86_64.whl", hash = "sha256:805efa416085999da918f15f81b26636d8e79863e1fbac1495664686d1e6a6e9", size = 245896, upload-time = "2025-11-08T20:23:53.1Z" },
    { url = "https://files.pythonhosted.org/packages/7f/ea/02fa537e61bc61fd111d5d9611184a354dd26bbc31e58ccd922f76404723/coverage-7.11.2-cp310-cp310-manylinux2014_aarch64.manylinux_2_17_aarch64.manylinux_2_28_aarch64.whl", hash = "sha256:c65f4291aec39692a3bfbe1d92ae5bea58c16b5553fdf021de61c655d987233f", size = 247755, upload-time = "2025-11-08T20:23:54.88Z" },
    { url = "https://files.pythonhosted.org/packages/41/3b/6cc19074059c030e489fd5ff934aa49521a75ba6236d27badb3b4270b21c/coverage-7.11.2-cp310-cp310-manylinux_2_31_riscv64.manylinux_2_39_riscv64.whl", hash = "sha256:b7658f3d4f728092368c091c18efcfb679be9b612c93bfdf345f33635a325188", size = 244714, upload-time = "2025-11-08T20:23:56.655Z" },
    { url = "https://files.pythonhosted.org/packages/a6/d5/b3480a0fd9c45fad37884c38ee943788ef43b64abf156b3f8e6af096c62e/coverage-7.11.2-cp310-cp310-musllinux_1_2_aarch64.whl", hash = "sha256:9f5f6ee021b3b25e748a9a053f3a8dd61a62b6689efd6425cb47e27360994903", size = 245800, upload-time = "2025-11-08T20:23:58.06Z" },
    { url = "https://files.pythonhosted.org/packages/07/2a/34f1476db9c58c410193f8f0cbecdfd9931912ed07de628fdffe0dae216d/coverage-7.11.2-cp310-cp310-musllinux_1_2_i686.whl", hash = "sha256:9a95b7a6043b221ec1a0d4d5481e424272b37028353265fbe5fcd3768d652eb7", size = 243808, upload-time = "2025-11-08T20:23:59.756Z" },
    { url = "https://files.pythonhosted.org/packages/73/fd/b43a0a4f6306a486d31cdd4166afd4dc0b08a8f072d7ab2ccc23893b6d19/coverage-7.11.2-cp310-cp310-musllinux_1_2_riscv64.whl", hash = "sha256:94ced4a29a6987af99faaa49a513bf8d0458e8af004c54174e05dd7a8a31c7d9", size = 244070, upload-time = "2025-11-08T20:24:01.281Z" },
    { url = "https://files.pythonhosted.org/packages/cc/8c/bcbe2c9cb81ef008d05b04ebc37a3a1c65d61b61c9cf772f0ae473ddc56b/coverage-7.11.2-cp310-cp310-musllinux_1_2_x86_64.whl", hash = "sha256:8014a28a37ffabf7da7107f4f154d68c6b89672f27fef835a0574591c5cd140b", size = 244688, upload-time = "2025-11-08T20:24:02.641Z" },
    { url = "https://files.pythonhosted.org/packages/6b/f7/c6c276f6663a1d7e29f8cc4a5a8c76dbf834ecb74017936187146adbce9e/coverage-7.11.2-cp310-cp310-win32.whl", hash = "sha256:43ecf9dca4fcb3baf8a886019dd5ce663c95a5e1c5172719c414f0ebd9eeb785", size = 219382, upload-time = "2025-11-08T20:24:04.476Z" },
    { url = "https://files.pythonhosted.org/packages/4f/aa/0d07b2d567f1d005088b4afad533b4a6af48ec75f3f9071afbe5f7076cab/coverage-7.11.2-cp310-cp310-win_amd64.whl", hash = "sha256:230317450af65a37c1fdbdd3546f7277e0c1c1b65e0d57409248e5dd0fa13493", size = 220319, upload-time = "2025-11-08T20:24:06.464Z" },
    { url = "https://files.pythonhosted.org/packages/89/39/326336c0adc6dc624be0edb5143dec90a9da2626335e83f6d09da120922f/coverage-7.11.2-cp311-cp311-macosx_10_9_x86_64.whl", hash = "sha256:36c41bf2ee6f6062de8177e249fee17cd5c9662cd373f7a41e6468a34c5b9c0f", size = 216927, upload-time = "2025-11-08T20:24:08.167Z" },
    { url = "https://files.pythonhosted.org/packages/b7/68/cd1d3422fc9525827cddf62b2385f78356b88e745e90e8e512fefcc05f8f/coverage-7.11.2-cp311-cp311-macosx_11_0_arm64.whl", hash = "sha256:397778cf6d50df59c890bd3ac10acb5bf413388ff6a013305134f1403d5db648", size = 217429, upload-time = "2025-11-08T20:24:09.939Z" },
    { url = "https://files.pythonhosted.org/packages/36/73/3f384dd79d6bbdf7fbceda3c7e0db33e148559bc18c49022c9c0c5e512c1/coverage-7.11.2-cp311-cp311-manylinux1_i686.manylinux_2_28_i686.manylinux_2_5_i686.whl", hash = "sha256:c85f44ed4260221e46a4e9e8e8df4b359ab6c0a742c79e85d649779bcf77b534", size = 247832, upload-time = "2025-11-08T20:24:11.897Z" },
    { url = "https://files.pythonhosted.org/packages/45/3c/27839b6f343998e82f3e470397c058566c953dc71fe37e0abb953133a341/coverage-7.11.2-cp311-cp311-manylinux1_x86_64.manylinux_2_28_x86_64.manylinux_2_5_x86_64.whl", hash = "sha256:cbffd1d5c5bf4c576ca247bf77646cdad4dced82928337eeb0b85e2b3be4d64b", size = 249749, upload-time = "2025-11-08T20:24:13.705Z" },
    { url = "https://files.pythonhosted.org/packages/6e/51/011102c7f6902084e632128ac0f42cd3345acc543a7c9f8ce5e1a94397ef/coverage-7.11.2-cp311-cp311-manylinux2014_aarch64.manylinux_2_17_aarch64.manylinux_2_28_aarch64.whl", hash = "sha256:ea10a57568af7cf082a7a4d98a699f993652c2ffbdd5a6c9d63c9ca10b693b4d", size = 251860, upload-time = "2025-11-08T20:24:15.113Z" },
    { url = "https://files.pythonhosted.org/packages/bb/4c/4622eb7aac98c2552ed8a176a6015ea8cf36a2ec75cbcfb5f2ccf100bbd6/coverage-7.11.2-cp311-cp311-manylinux_2_31_riscv64.manylinux_2_39_riscv64.whl", hash = "sha256:c4b1bea4c707f4c09f682fe0e646a114dfd068f627880d4a208850d01f8164ad", size = 247942, upload-time = "2025-11-08T20:24:16.637Z" },
    { url = "https://files.pythonhosted.org/packages/95/94/42ba12fc827fb504f8f8ec5313e46cf5582cdb9d4823e76d70ed22e88bdf/coverage-7.11.2-cp311-cp311-musllinux_1_2_aarch64.whl", hash = "sha256:1ac3f647ecf25d883051ef42d38d823016e715b9f289f8c1768be5117075d1bd", size = 249553, upload-time = "2025-11-08T20:24:18.153Z" },
    { url = "https://files.pythonhosted.org/packages/a3/47/2cd8014c872a3e469ffe50fbc692d02c7460e20cd701a0d6366fbef759e3/coverage-7.11.2-cp311-cp311-musllinux_1_2_i686.whl", hash = "sha256:d423991415f73a70c0a5f3e0a226cf4ab374dd0da7409978069b844df3d31582", size = 247627, upload-time = "2025-11-08T20:24:19.644Z" },
    { url = "https://files.pythonhosted.org/packages/a9/31/e722f2c7f0f16954d13e6441a24d841174bcb1ff2421c6504c024c09c7af/coverage-7.11.2-cp311-cp311-musllinux_1_2_riscv64.whl", hash = "sha256:0f4a958ff286038ac870f836351e9fb8912f1614d1cdbda200fc899235f7dc9b", size = 247353, upload-time = "2025-11-08T20:24:21.28Z" },
    { url = "https://files.pythonhosted.org/packages/0a/dd/d4fd26be0ce7993f0013df9788e52cd83a1adf5cfb9887bfd1b38722380e/coverage-7.11.2-cp311-cp311-musllinux_1_2_x86_64.whl", hash = "sha256:4d1ff4b87ad438148976f2215141a490ae000e878536370d53f8da8c59a175a6", size = 248251, upload-time = "2025-11-08T20:24:22.724Z" },
    { url = "https://files.pythonhosted.org/packages/1c/33/003f7b5f10fae2ad7390e57a1520c46a24bd46e374b197e97050ae47751f/coverage-7.11.2-cp311-cp311-win32.whl", hash = "sha256:e448ceee2fb880427eafc9a3f8e6162b2ac7cc3e9b30b85d6511f25cc8a11820", size = 219410, upload-time = "2025-11-08T20:24:24.15Z" },
    { url = "https://files.pythonhosted.org/packages/22/e8/5db102c57143f33a9229ecdc8d7976ad0c5d103fcd26f2b939db96789990/coverage-7.11.2-cp311-cp311-win_amd64.whl", hash = "sha256:bc65e32fe5bb942f0f5247e1500e355cbbdf326181198f5e27e3bb3ddb81e203", size = 220342, upload-time = "2025-11-08T20:24:25.947Z" },
    { url = "https://files.pythonhosted.org/packages/bf/b2/9908f6b4b979045c01e02a069ae5f73c16dff022c296a5e1fd756c602c6c/coverage-7.11.2-cp311-cp311-win_arm64.whl", hash = "sha256:e8eb6cbd7d3b238335b5da0f3ce281102435afb503be4d7bdd69eea3c700a952", size = 219014, upload-time = "2025-11-08T20:24:27.382Z" },
    { url = "https://files.pythonhosted.org/packages/4f/98/aef630a13bc974333aeb83d69765eb513f790bf4bd5b79b8036ec176de8e/coverage-7.11.2-cp312-cp312-macosx_10_13_x86_64.whl", hash = "sha256:eaa2a5eeb82fa7a6a9cd65c4f968ee2a53839d451b4e88e060c67d87a0a40732", size = 217103, upload-time = "2025-11-08T20:24:28.938Z" },
    { url = "https://files.pythonhosted.org/packages/f9/1f/41f144dc49c07043230ad79126a9c79236724579c43175e476e0731ddc2a/coverage-7.11.2-cp312-cp312-macosx_11_0_arm64.whl", hash = "sha256:07e14a4050525fd98bf3d793f229eb8b3ae81678f4031e38e6a18a068bd59fd4", size = 217467, upload-time = "2025-11-08T20:24:30.758Z" },
    { url = "https://files.pythonhosted.org/packages/a1/fa/6fc4b47c7c8323b0326c57786858b6185668f008edc2ea626bc35fb53e28/coverage-7.11.2-cp312-cp312-manylinux1_i686.manylinux_2_28_i686.manylinux_2_5_i686.whl", hash = "sha256:03e7e7dc31a7deaebf121c3c3bd3c6442b7fbf50aca72aae2a1d08aa30ca2a20", size = 248947, upload-time = "2025-11-08T20:24:32.559Z" },
    { url = "https://files.pythonhosted.org/packages/22/38/03bb7b3d991259ef8d483b83560f87eb4c6d5e8889ad836d212e010d08b3/coverage-7.11.2-cp312-cp312-manylinux1_x86_64.manylinux_2_28_x86_64.manylinux_2_5_x86_64.whl", hash = "sha256:d752a8e398a19e2fb24781e4c73089bfeb417b6ac55f96c2c42cfe5bdb21cc18", size = 251707, upload-time = "2025-11-08T20:24:34.371Z" },
    { url = "https://files.pythonhosted.org/packages/83/6c/c32c7c76c8373978bf68bcfd87a1d265ace9c973ed9a007cada37f25948a/coverage-7.11.2-cp312-cp312-manylinux2014_aarch64.manylinux_2_17_aarch64.manylinux_2_28_aarch64.whl", hash = "sha256:5a02818ec44803e325d66bd022828212df934739b894d1699c9a05b9105d30f2", size = 252793, upload-time = "2025-11-08T20:24:35.921Z" },
    { url = "https://files.pythonhosted.org/packages/60/16/86582ab283bad8e137f76e97c5b75a81f547174bca9bb2eba8b7be33d8b6/coverage-7.11.2-cp312-cp312-manylinux_2_31_riscv64.manylinux_2_39_riscv64.whl", hash = "sha256:d30a717493583c2a83c99f195e934c073be7f4291b32b7352c246d52e43f6893", size = 249331, upload-time = "2025-11-08T20:24:37.462Z" },
    { url = "https://files.pythonhosted.org/packages/9e/8a/24449d3e2a84bd38c1903757265cd45b6c9021ecf013f27e33155dba5ada/coverage-7.11.2-cp312-cp312-musllinux_1_2_aarch64.whl", hash = "sha256:55ae008253df6000bc885a780c1b0e939bd8c932f41e16df1cfe19a00428a98a", size = 250728, upload-time = "2025-11-08T20:24:38.936Z" },
    { url = "https://files.pythonhosted.org/packages/86/bc/fcfe9bdda15f48ef6d78a8524837216752fe82474965d42310e6296c8bde/coverage-7.11.2-cp312-cp312-musllinux_1_2_i686.whl", hash = "sha256:17047fb65fcd1ce8a2f97dd2247c2b59cb4bc8848b3911db02dcb05856f91b71", size = 248877, upload-time = "2025-11-08T20:24:40.444Z" },
    { url = "https://files.pythonhosted.org/packages/51/27/58db09afcb155f41739330c521258782eefc12fe18f70d3b8e5dbc61857b/coverage-7.11.2-cp312-cp312-musllinux_1_2_riscv64.whl", hash = "sha256:5f72a49504e1f35443b157d97997c9259a017384373eab52fd09b8ade2ae4674", size = 248455, upload-time = "2025-11-08T20:24:42.479Z" },
    { url = "https://files.pythonhosted.org/packages/24/6b/1eba5fa2b01b1aa727aa2a1c480c5f475fccecf32decae95b890cef7ee68/coverage-7.11.2-cp312-cp312-musllinux_1_2_x86_64.whl", hash = "sha256:5c31cdbb95ab0f4a60224a04efc43cfb406ce904f0b60fb6b2a72f37718ea5cb", size = 250316, upload-time = "2025-11-08T20:24:44.029Z" },
    { url = "https://files.pythonhosted.org/packages/08/58/46d3dcb99366c74b0478f2a58fd97e82419871a50989937e08578f9a5c5c/coverage-7.11.2-cp312-cp312-win32.whl", hash = "sha256:632904d126ca97e5d4ecf7e51ae8b20f086b6f002c6075adcfd4ff3a28574527", size = 219617, upload-time = "2025-11-08T20:24:46.086Z" },
    { url = "https://files.pythonhosted.org/packages/94/19/ab26b96a5c6fd0b5d644524997b60523b3ccbe7473a069e1385a272be238/coverage-7.11.2-cp312-cp312-win_amd64.whl", hash = "sha256:c7ea5dec77d79dabb7b5fc712c59361aac52e459cd22028480625c3c743323d0", size = 220427, upload-time = "2025-11-08T20:24:47.809Z" },
    { url = "https://files.pythonhosted.org/packages/5b/c5/948b268909f04eb2b0a55e22f1e4b3ffd472a8a398d05ebcf95c36d8b1eb/coverage-7.11.2-cp312-cp312-win_arm64.whl", hash = "sha256:ed6ba9f1777fdd1c8e5650c7d123211fa484a187c61af4d82948dc5ee3c0afcc", size = 219068, upload-time = "2025-11-08T20:24:49.813Z" },
    { url = "https://files.pythonhosted.org/packages/05/7a/99766a75c88e576f47c2d9a06416ff5d95be9b42faca5c37e1ab77c4cd1a/coverage-7.11.2-py3-none-any.whl", hash = "sha256:2442afabe9e83b881be083238bb7cf5afd4a10e47f29b6094470338d2336b33c", size = 208891, upload-time = "2025-11-08T20:26:30.739Z" },
]

[package.optional-dependencies]
toml = [
    { name = "tomli", marker = "python_full_version <= '3.11'" },
]

[[package]]
name = "exceptiongroup"
version = "1.3.0"
source = { registry = "https://pypi.org/simple" }
dependencies = [
    { name = "typing-extensions" },
]
sdist = { url = "https://files.pythonhosted.org/packages/0b/9f/a65090624ecf468cdca03533906e7c69ed7588582240cfe7cc9e770b50eb/exceptiongroup-1.3.0.tar.gz", hash = "sha256:b241f5885f560bc56a59ee63ca4c6a8bfa46ae4ad651af316d4e81817bb9fd88", size = 29749, upload-time = "2025-05-10T17:42:51.123Z" }
wheels = [
    { url = "https://files.pythonhosted.org/packages/36/f4/c6e662dade71f56cd2f3735141b265c3c79293c109549c1e6933b0651ffc/exceptiongroup-1.3.0-py3-none-any.whl", hash = "sha256:4d111e6e0c13d0644cad6ddaa7ed0261a0b36971f6d23e7ec9b4b9097da78a10", size = 16674, upload-time = "2025-05-10T17:42:49.33Z" },
]

[[package]]
name = "gitlint"
version = "0.19.1"
source = { registry = "https://pypi.org/simple" }
dependencies = [
    { name = "gitlint-core", extra = ["trusted-deps"] },
]
sdist = { url = "https://files.pythonhosted.org/packages/95/d2/67e308b3f26394b2e98d2b0df594aa8c116e165d09d15094d45ecade7272/gitlint-0.19.1.tar.gz", hash = "sha256:b5b70fb894e80849b69abbb65ee7dbb3520fc3511f202a6e6b6ddf1a71ee8f61", size = 4799, upload-time = "2023-03-10T12:51:45.875Z" }
wheels = [
    { url = "https://files.pythonhosted.org/packages/84/90/8b6a29ddceb51272a054399d4864eefd28083530349f5735e0bb979c5f0f/gitlint-0.19.1-py3-none-any.whl", hash = "sha256:26bb085959148d99fbbc178b4e56fda6c3edd7646b7c2a24d8ee1f8e036ed85d", size = 2649, upload-time = "2023-03-10T12:51:44.191Z" },
]

[[package]]
name = "gitlint-core"
version = "0.19.1"
source = { registry = "https://pypi.org/simple" }
dependencies = [
    { name = "arrow" },
    { name = "click" },
    { name = "sh", marker = "sys_platform != 'win32'" },
]
sdist = { url = "https://files.pythonhosted.org/packages/73/51/b59270264aabcab5b933f3eb9bfb022464ca9205b04feef1bdc1635fd9b4/gitlint_core-0.19.1.tar.gz", hash = "sha256:7bf977b03ff581624a9e03f65ebb8502cc12dfaa3e92d23e8b2b54bbdaa29992", size = 36141, upload-time = "2023-03-10T12:51:42.713Z" }
wheels = [
    { url = "https://files.pythonhosted.org/packages/b0/57/dea471da24ceac6de8c3dc5d37e4ddde57a5c340d6bac90010898734de34/gitlint_core-0.19.1-py3-none-any.whl", hash = "sha256:f41effd1dcbc06ffbfc56b6888cce72241796f517b46bd9fd4ab1b145056988c", size = 44207, upload-time = "2023-03-10T12:51:41.054Z" },
]

[package.optional-dependencies]
trusted-deps = [
    { name = "arrow" },
    { name = "click" },
    { name = "sh", marker = "sys_platform != 'win32'" },
]

[[package]]
name = "importlib-metadata"
version = "8.7.0"
source = { registry = "https://pypi.org/simple" }
dependencies = [
    { name = "zipp" },
]
sdist = { url = "https://files.pythonhosted.org/packages/76/66/650a33bd90f786193e4de4b3ad86ea60b53c89b669a5c7be931fac31cdb0/importlib_metadata-8.7.0.tar.gz", hash = "sha256:d13b81ad223b890aa16c5471f2ac3056cf76c5f10f82d6f9292f0b415f389000", size = 56641, upload-time = "2025-04-27T15:29:01.736Z" }
wheels = [
    { url = "https://files.pythonhosted.org/packages/20/b0/36bd937216ec521246249be3bf9855081de4c5e06a0c9b4219dbeda50373/importlib_metadata-8.7.0-py3-none-any.whl", hash = "sha256:e5dd1551894c77868a30651cef00984d50e1002d06942a7101d34870c5f02afd", size = 27656, upload-time = "2025-04-27T15:29:00.214Z" },
]

[[package]]
name = "iniconfig"
version = "2.3.0"
source = { registry = "https://pypi.org/simple" }
sdist = { url = "https://files.pythonhosted.org/packages/72/34/14ca021ce8e5dfedc35312d08ba8bf51fdd999c576889fc2c24cb97f4f10/iniconfig-2.3.0.tar.gz", hash = "sha256:c76315c77db068650d49c5b56314774a7804df16fee4402c1f19d6d15d8c4730", size = 20503, upload-time = "2025-10-18T21:55:43.219Z" }
wheels = [
    { url = "https://files.pythonhosted.org/packages/cb/b1/3846dd7f199d53cb17f49cba7e651e9ce294d8497c8c150530ed11865bb8/iniconfig-2.3.0-py3-none-any.whl", hash = "sha256:f631c04d2c48c52b84d0d0549c99ff3859c98df65b3101406327ecc7d53fbf12", size = 7484, upload-time = "2025-10-18T21:55:41.639Z" },
]

[[package]]
name = "isort"
version = "7.0.0"
source = { registry = "https://pypi.org/simple" }
sdist = { url = "https://files.pythonhosted.org/packages/63/53/4f3c058e3bace40282876f9b553343376ee687f3c35a525dc79dbd450f88/isort-7.0.0.tar.gz", hash = "sha256:5513527951aadb3ac4292a41a16cbc50dd1642432f5e8c20057d414bdafb4187", size = 805049, upload-time = "2025-10-11T13:30:59.107Z" }
wheels = [
    { url = "https://files.pythonhosted.org/packages/7f/ed/e3705d6d02b4f7aea715a353c8ce193efd0b5db13e204df895d38734c244/isort-7.0.0-py3-none-any.whl", hash = "sha256:1bcabac8bc3c36c7fb7b98a76c8abb18e0f841a3ba81decac7691008592499c1", size = 94672, upload-time = "2025-10-11T13:30:57.665Z" },
]

[[package]]
name = "mypy-extensions"
version = "1.1.0"
source = { registry = "https://pypi.org/simple" }
sdist = { url = "https://files.pythonhosted.org/packages/a2/6e/371856a3fb9d31ca8dac321cda606860fa4548858c0cc45d9d1d4ca2628b/mypy_extensions-1.1.0.tar.gz", hash = "sha256:52e68efc3284861e772bbcd66823fde5ae21fd2fdb51c62a211403730b916558", size = 6343, upload-time = "2025-04-22T14:54:24.164Z" }
wheels = [
    { url = "https://files.pythonhosted.org/packages/79/7b/2c79738432f5c924bef5071f933bcc9efd0473bac3b4aa584a6f7c1c8df8/mypy_extensions-1.1.0-py3-none-any.whl", hash = "sha256:1be4cccdb0f2482337c4743e60421de3a356cd97508abadd57d47403e94f5505", size = 4963, upload-time = "2025-04-22T14:54:22.983Z" },
]

[[package]]
name = "packaging"
version = "25.0"
source = { registry = "https://pypi.org/simple" }
sdist = { url = "https://files.pythonhosted.org/packages/a1/d4/1fc4078c65507b51b96ca8f8c3ba19e6a61c8253c72794544580a7b6c24d/packaging-25.0.tar.gz", hash = "sha256:d443872c98d677bf60f6a1f2f8c1cb748e8fe762d2bf9d3148b5599295b0fc4f", size = 165727, upload-time = "2025-04-19T11:48:59.673Z" }
wheels = [
    { url = "https://files.pythonhosted.org/packages/20/12/38679034af332785aac8774540895e234f4d07f7545804097de4b666afd8/packaging-25.0-py3-none-any.whl", hash = "sha256:29572ef2b1f17581046b3a2227d5c611fb25ec70ca1ba8554b24b0e69331a484", size = 66469, upload-time = "2025-04-19T11:48:57.875Z" },
]

[[package]]
name = "pathspec"
version = "0.12.1"
source = { registry = "https://pypi.org/simple" }
sdist = { url = "https://files.pythonhosted.org/packages/ca/bc/f35b8446f4531a7cb215605d100cd88b7ac6f44ab3fc94870c120ab3adbf/pathspec-0.12.1.tar.gz", hash = "sha256:a482d51503a1ab33b1c67a6c3813a26953dbdc71c31dacaef9a838c4e29f5712", size = 51043, upload-time = "2023-12-10T22:30:45Z" }
wheels = [
    { url = "https://files.pythonhosted.org/packages/cc/20/ff623b09d963f88bfde16306a54e12ee5ea43e9b597108672ff3a408aad6/pathspec-0.12.1-py3-none-any.whl", hash = "sha256:a0d503e138a4c123b27490a4f7beda6a01c6f288df0e4a8b79c7eb0dc7b4cc08", size = 31191, upload-time = "2023-12-10T22:30:43.14Z" },
]

[[package]]
name = "platformdirs"
version = "4.5.0"
source = { registry = "https://pypi.org/simple" }
sdist = { url = "https://files.pythonhosted.org/packages/61/33/9611380c2bdb1225fdef633e2a9610622310fed35ab11dac9620972ee088/platformdirs-4.5.0.tar.gz", hash = "sha256:70ddccdd7c99fc5942e9fc25636a8b34d04c24b335100223152c2803e4063312", size = 21632, upload-time = "2025-10-08T17:44:48.791Z" }
wheels = [
    { url = "https://files.pythonhosted.org/packages/73/cb/ac7874b3e5d58441674fb70742e6c374b28b0c7cb988d37d991cde47166c/platformdirs-4.5.0-py3-none-any.whl", hash = "sha256:e578a81bb873cbb89a41fcc904c7ef523cc18284b7e3b3ccf06aca1403b7ebd3", size = 18651, upload-time = "2025-10-08T17:44:47.223Z" },
]

[[package]]
name = "pluggy"
version = "1.6.0"
source = { registry = "https://pypi.org/simple" }
sdist = { url = "https://files.pythonhosted.org/packages/f9/e2/3e91f31a7d2b083fe6ef3fa267035b518369d9511ffab804f839851d2779/pluggy-1.6.0.tar.gz", hash = "sha256:7dcc130b76258d33b90f61b658791dede3486c3e6bfb003ee5c9bfb396dd22f3", size = 69412, upload-time = "2025-05-15T12:30:07.975Z" }
wheels = [
    { url = "https://files.pythonhosted.org/packages/54/20/4d324d65cc6d9205fabedc306948156824eb9f0ee1633355a8f7ec5c66bf/pluggy-1.6.0-py3-none-any.whl", hash = "sha256:e920276dd6813095e9377c0bc5566d94c932c33b27a3e3945d8389c374dd4746", size = 20538, upload-time = "2025-05-15T12:30:06.134Z" },
]

[[package]]
name = "pygments"
version = "2.19.2"
source = { registry = "https://pypi.org/simple" }
sdist = { url = "https://files.pythonhosted.org/packages/b0/77/a5b8c569bf593b0140bde72ea885a803b82086995367bf2037de0159d924/pygments-2.19.2.tar.gz", hash = "sha256:636cb2477cec7f8952536970bc533bc43743542f70392ae026374600add5b887", size = 4968631, upload-time = "2025-06-21T13:39:12.283Z" }
wheels = [
    { url = "https://files.pythonhosted.org/packages/c7/21/705964c7812476f378728bdf590ca4b771ec72385c533964653c68e86bdc/pygments-2.19.2-py3-none-any.whl", hash = "sha256:86540386c03d588bb81d44bc3928634ff26449851e99741617ecb9037ee5ec0b", size = 1225217, upload-time = "2025-06-21T13:39:07.939Z" },
]

[[package]]
name = "pyproject-hooks"
version = "1.2.0"
source = { registry = "https://pypi.org/simple" }
sdist = { url = "https://files.pythonhosted.org/packages/e7/82/28175b2414effca1cdac8dc99f76d660e7a4fb0ceefa4b4ab8f5f6742925/pyproject_hooks-1.2.0.tar.gz", hash = "sha256:1e859bd5c40fae9448642dd871adf459e5e2084186e8d2c2a79a824c970da1f8", size = 19228, upload-time = "2024-09-29T09:24:13.293Z" }
wheels = [
    { url = "https://files.pythonhosted.org/packages/bd/24/12818598c362d7f300f18e74db45963dbcb85150324092410c8b49405e42/pyproject_hooks-1.2.0-py3-none-any.whl", hash = "sha256:9e5c6bfa8dcc30091c74b0cf803c81fdd29d94f01992a7707bc97babb1141913", size = 10216, upload-time = "2024-09-29T09:24:11.978Z" },
]

[[package]]
name = "pytest"
version = "9.0.0"
source = { registry = "https://pypi.org/simple" }
dependencies = [
    { name = "colorama", marker = "sys_platform == 'win32'" },
    { name = "exceptiongroup", marker = "python_full_version < '3.11'" },
    { name = "iniconfig" },
    { name = "packaging" },
    { name = "pluggy" },
    { name = "pygments" },
    { name = "tomli", marker = "python_full_version < '3.11'" },
]
sdist = { url = "https://files.pythonhosted.org/packages/da/1d/eb34f286b164c5e431a810a38697409cca1112cee04b287bb56ac486730b/pytest-9.0.0.tar.gz", hash = "sha256:8f44522eafe4137b0f35c9ce3072931a788a21ee40a2ed279e817d3cc16ed21e", size = 1562764, upload-time = "2025-11-08T17:25:33.34Z" }
wheels = [
    { url = "https://files.pythonhosted.org/packages/72/99/cafef234114a3b6d9f3aaed0723b437c40c57bdb7b3e4c3a575bc4890052/pytest-9.0.0-py3-none-any.whl", hash = "sha256:e5ccdf10b0bac554970ee88fc1a4ad0ee5d221f8ef22321f9b7e4584e19d7f96", size = 373364, upload-time = "2025-11-08T17:25:31.811Z" },
]

[[package]]
name = "pytest-cov"
version = "7.0.0"
source = { registry = "https://pypi.org/simple" }
dependencies = [
    { name = "coverage", extra = ["toml"] },
    { name = "pluggy" },
    { name = "pytest" },
]
sdist = { url = "https://files.pythonhosted.org/packages/5e/f7/c933acc76f5208b3b00089573cf6a2bc26dc80a8aece8f52bb7d6b1855ca/pytest_cov-7.0.0.tar.gz", hash = "sha256:33c97eda2e049a0c5298e91f519302a1334c26ac65c1a483d6206fd458361af1", size = 54328, upload-time = "2025-09-09T10:57:02.113Z" }
wheels = [
    { url = "https://files.pythonhosted.org/packages/ee/49/1377b49de7d0c1ce41292161ea0f721913fa8722c19fb9c1e3aa0367eecb/pytest_cov-7.0.0-py3-none-any.whl", hash = "sha256:3b8e9558b16cc1479da72058bdecf8073661c7f57f7d3c5f22a1c23507f2d861", size = 22424, upload-time = "2025-09-09T10:57:00.695Z" },
]

[[package]]
name = "python-dateutil"
version = "2.9.0.post0"
source = { registry = "https://pypi.org/simple" }
dependencies = [
    { name = "six" },
]
sdist = { url = "https://files.pythonhosted.org/packages/66/c0/0c8b6ad9f17a802ee498c46e004a0eb49bc148f2fd230864601a86dcf6db/python-dateutil-2.9.0.post0.tar.gz", hash = "sha256:37dd54208da7e1cd875388217d5e00ebd4179249f90fb72437e91a35459a0ad3", size = 342432, upload-time = "2024-03-01T18:36:20.211Z" }
wheels = [
    { url = "https://files.pythonhosted.org/packages/ec/57/56b9bcc3c9c6a792fcbaf139543cee77261f3651ca9da0c93f5c1221264b/python_dateutil-2.9.0.post0-py2.py3-none-any.whl", hash = "sha256:a8b2bc7bffae282281c8140a97d3aa9c14da0b136dfe83f850eea9a5f7470427", size = 229892, upload-time = "2024-03-01T18:36:18.57Z" },
]

[[package]]
name = "pytokens"
version = "0.3.0"
source = { registry = "https://pypi.org/simple" }
sdist = { url = "https://files.pythonhosted.org/packages/4e/8d/a762be14dae1c3bf280202ba3172020b2b0b4c537f94427435f19c413b72/pytokens-0.3.0.tar.gz", hash = "sha256:2f932b14ed08de5fcf0b391ace2642f858f1394c0857202959000b68ed7a458a", size = 17644, upload-time = "2025-11-05T13:36:35.34Z" }
wheels = [
    { url = "https://files.pythonhosted.org/packages/84/25/d9db8be44e205a124f6c98bc0324b2bb149b7431c53877fc6d1038dddaf5/pytokens-0.3.0-py3-none-any.whl", hash = "sha256:95b2b5eaf832e469d141a378872480ede3f251a5a5041b8ec6e581d3ac71bbf3", size = 12195, upload-time = "2025-11-05T13:36:33.183Z" },
]

[[package]]
name = "sh"
version = "1.14.3"
source = { registry = "https://pypi.org/simple" }
sdist = { url = "https://files.pythonhosted.org/packages/b7/09/89c28aaf2a49f226fef8587c90c6386bd2cc03a0295bc4ff7fc6ee43c01d/sh-1.14.3.tar.gz", hash = "sha256:e4045b6c732d9ce75d571c79f5ac2234edd9ae4f5fa9d59b09705082bdca18c7", size = 62851, upload-time = "2022-07-18T07:17:50.947Z" }

[[package]]
name = "six"
version = "1.17.0"
source = { registry = "https://pypi.org/simple" }
sdist = { url = "https://files.pythonhosted.org/packages/94/e7/b2c673351809dca68a0e064b6af791aa332cf192da575fd474ed7d6f16a2/six-1.17.0.tar.gz", hash = "sha256:ff70335d468e7eb6ec65b95b99d3a2836546063f63acc5171de367e834932a81", size = 34031, upload-time = "2024-12-04T17:35:28.174Z" }
wheels = [
    { url = "https://files.pythonhosted.org/packages/b7/ce/149a00dd41f10bc29e5921b496af8b574d8413afcd5e30dfa0ed46c2cc5e/six-1.17.0-py2.py3-none-any.whl", hash = "sha256:4721f391ed90541fddacab5acf947aa0d3dc7d27b2e1e8eda2be8970586c3274", size = 11050, upload-time = "2024-12-04T17:35:26.475Z" },
]

[[package]]
name = "tomli"
version = "2.3.0"
source = { registry = "https://pypi.org/simple" }
sdist = { url = "https://files.pythonhosted.org/packages/52/ed/3f73f72945444548f33eba9a87fc7a6e969915e7b1acc8260b30e1f76a2f/tomli-2.3.0.tar.gz", hash = "sha256:64be704a875d2a59753d80ee8a533c3fe183e3f06807ff7dc2232938ccb01549", size = 17392, upload-time = "2025-10-08T22:01:47.119Z" }
wheels = [
    { url = "https://files.pythonhosted.org/packages/b3/2e/299f62b401438d5fe1624119c723f5d877acc86a4c2492da405626665f12/tomli-2.3.0-cp311-cp311-macosx_10_9_x86_64.whl", hash = "sha256:88bd15eb972f3664f5ed4b57c1634a97153b4bac4479dcb6a495f41921eb7f45", size = 153236, upload-time = "2025-10-08T22:01:00.137Z" },
    { url = "https://files.pythonhosted.org/packages/86/7f/d8fffe6a7aefdb61bced88fcb5e280cfd71e08939da5894161bd71bea022/tomli-2.3.0-cp311-cp311-macosx_11_0_arm64.whl", hash = "sha256:883b1c0d6398a6a9d29b508c331fa56adbcdff647f6ace4dfca0f50e90dfd0ba", size = 148084, upload-time = "2025-10-08T22:01:01.63Z" },
    { url = "https://files.pythonhosted.org/packages/47/5c/24935fb6a2ee63e86d80e4d3b58b222dafaf438c416752c8b58537c8b89a/tomli-2.3.0-cp311-cp311-manylinux2014_aarch64.manylinux_2_17_aarch64.manylinux_2_28_aarch64.whl", hash = "sha256:d1381caf13ab9f300e30dd8feadb3de072aeb86f1d34a8569453ff32a7dea4bf", size = 234832, upload-time = "2025-10-08T22:01:02.543Z" },
    { url = "https://files.pythonhosted.org/packages/89/da/75dfd804fc11e6612846758a23f13271b76d577e299592b4371a4ca4cd09/tomli-2.3.0-cp311-cp311-manylinux2014_x86_64.manylinux_2_17_x86_64.manylinux_2_28_x86_64.whl", hash = "sha256:a0e285d2649b78c0d9027570d4da3425bdb49830a6156121360b3f8511ea3441", size = 242052, upload-time = "2025-10-08T22:01:03.836Z" },
    { url = "https://files.pythonhosted.org/packages/70/8c/f48ac899f7b3ca7eb13af73bacbc93aec37f9c954df3c08ad96991c8c373/tomli-2.3.0-cp311-cp311-musllinux_1_2_aarch64.whl", hash = "sha256:0a154a9ae14bfcf5d8917a59b51ffd5a3ac1fd149b71b47a3a104ca4edcfa845", size = 239555, upload-time = "2025-10-08T22:01:04.834Z" },
    { url = "https://files.pythonhosted.org/packages/ba/28/72f8afd73f1d0e7829bfc093f4cb98ce0a40ffc0cc997009ee1ed94ba705/tomli-2.3.0-cp311-cp311-musllinux_1_2_x86_64.whl", hash = "sha256:74bf8464ff93e413514fefd2be591c3b0b23231a77f901db1eb30d6f712fc42c", size = 245128, upload-time = "2025-10-08T22:01:05.84Z" },
    { url = "https://files.pythonhosted.org/packages/b6/eb/a7679c8ac85208706d27436e8d421dfa39d4c914dcf5fa8083a9305f58d9/tomli-2.3.0-cp311-cp311-win32.whl", hash = "sha256:00b5f5d95bbfc7d12f91ad8c593a1659b6387b43f054104cda404be6bda62456", size = 96445, upload-time = "2025-10-08T22:01:06.896Z" },
    { url = "https://files.pythonhosted.org/packages/0a/fe/3d3420c4cb1ad9cb462fb52967080575f15898da97e21cb6f1361d505383/tomli-2.3.0-cp311-cp311-win_amd64.whl", hash = "sha256:4dc4ce8483a5d429ab602f111a93a6ab1ed425eae3122032db7e9acf449451be", size = 107165, upload-time = "2025-10-08T22:01:08.107Z" },
    { url = "https://files.pythonhosted.org/packages/ff/b7/40f36368fcabc518bb11c8f06379a0fd631985046c038aca08c6d6a43c6e/tomli-2.3.0-cp312-cp312-macosx_10_13_x86_64.whl", hash = "sha256:d7d86942e56ded512a594786a5ba0a5e521d02529b3826e7761a05138341a2ac", size = 154891, upload-time = "2025-10-08T22:01:09.082Z" },
    { url = "https://files.pythonhosted.org/packages/f9/3f/d9dd692199e3b3aab2e4e4dd948abd0f790d9ded8cd10cbaae276a898434/tomli-2.3.0-cp312-cp312-macosx_11_0_arm64.whl", hash = "sha256:73ee0b47d4dad1c5e996e3cd33b8a76a50167ae5f96a2607cbe8cc773506ab22", size = 148796, upload-time = "2025-10-08T22:01:10.266Z" },
    { url = "https://files.pythonhosted.org/packages/60/83/59bff4996c2cf9f9387a0f5a3394629c7efa5ef16142076a23a90f1955fa/tomli-2.3.0-cp312-cp312-manylinux2014_aarch64.manylinux_2_17_aarch64.manylinux_2_28_aarch64.whl", hash = "sha256:792262b94d5d0a466afb5bc63c7daa9d75520110971ee269152083270998316f", size = 242121, upload-time = "2025-10-08T22:01:11.332Z" },
    { url = "https://files.pythonhosted.org/packages/45/e5/7c5119ff39de8693d6baab6c0b6dcb556d192c165596e9fc231ea1052041/tomli-2.3.0-cp312-cp312-manylinux2014_x86_64.manylinux_2_17_x86_64.manylinux_2_28_x86_64.whl", hash = "sha256:4f195fe57ecceac95a66a75ac24d9d5fbc98ef0962e09b2eddec5d39375aae52", size = 250070, upload-time = "2025-10-08T22:01:12.498Z" },
    { url = "https://files.pythonhosted.org/packages/45/12/ad5126d3a278f27e6701abde51d342aa78d06e27ce2bb596a01f7709a5a2/tomli-2.3.0-cp312-cp312-musllinux_1_2_aarch64.whl", hash = "sha256:e31d432427dcbf4d86958c184b9bfd1e96b5b71f8eb17e6d02531f434fd335b8", size = 245859, upload-time = "2025-10-08T22:01:13.551Z" },
    { url = "https://files.pythonhosted.org/packages/fb/a1/4d6865da6a71c603cfe6ad0e6556c73c76548557a8d658f9e3b142df245f/tomli-2.3.0-cp312-cp312-musllinux_1_2_x86_64.whl", hash = "sha256:7b0882799624980785240ab732537fcfc372601015c00f7fc367c55308c186f6", size = 250296, upload-time = "2025-10-08T22:01:14.614Z" },
    { url = "https://files.pythonhosted.org/packages/a0/b7/a7a7042715d55c9ba6e8b196d65d2cb662578b4d8cd17d882d45322b0d78/tomli-2.3.0-cp312-cp312-win32.whl", hash = "sha256:ff72b71b5d10d22ecb084d345fc26f42b5143c5533db5e2eaba7d2d335358876", size = 97124, upload-time = "2025-10-08T22:01:15.629Z" },
    { url = "https://files.pythonhosted.org/packages/06/1e/f22f100db15a68b520664eb3328fb0ae4e90530887928558112c8d1f4515/tomli-2.3.0-cp312-cp312-win_amd64.whl", hash = "sha256:1cb4ed918939151a03f33d4242ccd0aa5f11b3547d0cf30f7c74a408a5b99878", size = 107698, upload-time = "2025-10-08T22:01:16.51Z" },
    { url = "https://files.pythonhosted.org/packages/77/b8/0135fadc89e73be292b473cb820b4f5a08197779206b33191e801feeae40/tomli-2.3.0-py3-none-any.whl", hash = "sha256:e95b1af3c5b07d9e643909b5abbec77cd9f1217e6d0bca72b0234736b9fb1f1b", size = 14408, upload-time = "2025-10-08T22:01:46.04Z" },
]

[[package]]
name = "typing-extensions"
version = "4.15.0"
source = { registry = "https://pypi.org/simple" }
sdist = { url = "https://files.pythonhosted.org/packages/72/94/1a15dd82efb362ac84269196e94cf00f187f7ed21c242792a923cdb1c61f/typing_extensions-4.15.0.tar.gz", hash = "sha256:0cea48d173cc12fa28ecabc3b837ea3cf6f38c6d1136f85cbaaf598984861466", size = 109391, upload-time = "2025-08-25T13:49:26.313Z" }
wheels = [
    { url = "https://files.pythonhosted.org/packages/18/67/36e9267722cc04a6b9f15c7f3441c2363321a3ea07da7ae0c0707beb2a9c/typing_extensions-4.15.0-py3-none-any.whl", hash = "sha256:f0fa19c6845758ab08074a0cfa8b7aecb71c999ca73d62883bc25cc018c4e548", size = 44614, upload-time = "2025-08-25T13:49:24.86Z" },
]

[[package]]
name = "zipp"
version = "3.23.0"
source = { registry = "https://pypi.org/simple" }
sdist = { url = "https://files.pythonhosted.org/packages/e3/02/0f2892c661036d50ede074e376733dca2ae7c6eb617489437771209d4180/zipp-3.23.0.tar.gz", hash = "sha256:a07157588a12518c9d4034df3fbbee09c814741a33ff63c05fa29d26a2404166", size = 25547, upload-time = "2025-06-08T17:06:39.4Z" }
wheels = [
    { url = "https://files.pythonhosted.org/packages/2e/54/647ade08bf0db230bfea292f893923872fd20be6ac6f53b2b936ba839d75/zipp-3.23.0-py3-none-any.whl", hash = "sha256:071652d6115ed432f5ce1d34c336c0adfd6a884660d1e9712a256d3d3bd4b14e", size = 10276, upload-time = "2025-06-08T17:06:38.034Z" },
]
